github.com/tjudice/util/go v0.0.0-20230820213040-2612ec9011f8 h1:49v95XqQtgJzsv/Fe6todCK14FArag8FznBkInG8j7g=
github.com/tjudice/util/go v0.0.0-20230820213040-2612ec9011f8/go.mod h1:RHe5JQWi0o5Boy0eQjoiyXWgtR0WWN5p7UoFPUCSdW8=
github.com/tjudice/util/go v0.0.0-20230820213454-795528903438 h1:vvhIpSZblg6QDovBzn6wT/S3cous5/xwLSqewSnNPis=
github.com/tjudice/util/go v0.0.0-20230820213454-795528903438/go.mod h1:RHe5JQWi0o5Boy0eQjoiyXWgtR0WWN5p7UoFPUCSdW8=
