gfx.cafe/open/ghost v0.2.14 h1:2n23F07p+MM/ebMjoBmTNAifIePjuGTidSVp6oFg3rQ=
gfx.cafe/open/ghost v0.2.14/go.mod h1:ytRkx+1Hd8vZ12s/YKKXV1568zpWhL3Cmo+/8qpzza0=
github.com/davecgh/go-spew v1.1.1 h1:vj9j/u1bqnvCEfJOwUhtlOARqs3+rkHYY13jYWTU97c=
github.com/gorilla/websocket v1.5.0 h1:PPwGk2jz7EePpoHN/+ClbZu8SPxiqlu12wZP/3sWmnc=
github.com/gorilla/websocket v1.5.0/go.mod h1:YR8l580nyteQvAITg2hZ9XVh4b55+EU/adAjf1fMHhE=
github.com/pmezard/go-difflib v1.0.0 h1:4DBwDE0NGyQoBHbLQYPwSUPoCMWR5BEzIk/f1lZbAQM=
github.com/stretchr/testify v1.8.4 h1:CcVxjf3Q8PM0mHUKJCdn+eZZtm5yQwehR5yeSVQQcUk=
github.com/tjudice/util/go/generic v0.0.0-20230823051404-835cef603913 h1:K+Wq4WdoQeYMFSIna3CufeLmum5rO6WjWVwbOK17ogE=
github.com/tjudice/util/go/generic v0.0.0-20230823051404-835cef603913/go.mod h1:cL0bRR0L6RhDwsEtxE0MVHbinKGN0BoiUAZm/MnOhgk=
github.com/tjudice/util/go/lambda v0.0.0-20230823051404-835cef603913 h1:vDDaf8Ow9olGRaZBHGv0vjUYEMs0V6Eu/pFKaiPqrmg=
github.com/tjudice/util/go/lambda v0.0.0-20230823051404-835cef603913/go.mod h1:7HoxJLpBGmyN9GhtKHdUp8g55ZPxyYP5oK4/qAu6x4g=
github.com/tjudice/util/go/network v0.0.0-20230823045642-2fa126615b00 h1:mlIZAOuh8Sd9HikxegL9a8dGKudGgyDC42235tHuAqY=
github.com/tjudice/util/go/network v0.0.0-20230823045642-2fa126615b00/go.mod h1:PrNhOlwY7S6UHwCPuXvZ9kEklqMveZbOeIRV3/LbvpA=
github.com/valyala/fastjson v1.6.4 h1:uAUNq9Z6ymTgGhcm0UynUAB6tlbakBrz6CQFax3BXVQ=
github.com/valyala/fastjson v1.6.4/go.mod h1:CLCAqky6SMuOcxStkYQvblddUtoRxhYMGLrsQns1aXY=
golang.org/x/exp v0.0.0-20230807204917-050eac23e9de h1:l5Za6utMv/HsBWWqzt4S8X17j+kt1uVETUX5UFhn2rE=
golang.org/x/exp v0.0.0-20230807204917-050eac23e9de/go.mod h1:FXUEEKJgO7OQYeo8N01OfiKP8RXMtf6e8aTskBGqWdc=
gopkg.in/check.v1 v0.0.0-20161208181325-20d25e280405 h1:yhCVgyC4o1eVCa2tZl7eS0r+SDo693bJlVdllGtEeKM=
gopkg.in/check.v1 v0.0.0-20161208181325-20d25e280405/go.mod h1:Co6ibVJAznAaIkqp8huTwlJQCZ016jof/cbN4VW5Yz0=
gopkg.in/yaml.v3 v3.0.1 h1:fxVm/GzAzEWqLHuvctI91KS9hhNmmWOoWu0XTYJS7CA=
gopkg.in/yaml.v3 v3.0.1/go.mod h1:K4uyk7z7BCEPqu6E+C64Yfv1cQ7kz7rIZviUmN+EgEM=
